
Microsoft Visual Studio Solution File, Format Version 12.00
# Visual Studio for Mac
Project("{FAE04EC0-301F-11D3-BF4B-00C04F79EFBC}") = "Assembly-CSharp", "Assembly-CSharp.csproj", "{8F1E6DF7-66BF-EFBC-D3B1-511150FBF957}"
EndProject
Project("{FAE04EC0-301F-11D3-BF4B-00C04F79EFBC}") = "Assembly-CSharp-Editor", "Assembly-CSharp-Editor.csproj", "{90DEE151-FED4-27EC-4F57-8649C5D0B194}"
EndProject
Global
	GlobalSection(SolutionConfigurationPlatforms) = preSolution
		Debug|Any CPU = Debug|Any CPU
		Release|Any CPU = Release|Any CPU
	EndGlobalSection
	GlobalSection(ProjectConfigurationPlatforms) = postSolution
		{8F1E6DF7-66BF-EFBC-D3B1-511150FBF957}.Debug|Any CPU.ActiveCfg = Debug|Any CPU
		{8F1E6DF7-66BF-EFBC-D3B1-511150FBF957}.Debug|Any CPU.Build.0 = Debug|Any CPU
		{8F1E6DF7-66BF-EFBC-D3B1-511150FBF957}.Release|Any CPU.ActiveCfg = Release|Any CPU
		{8F1E6DF7-66BF-EFBC-D3B1-511150FBF957}.Release|Any CPU.Build.0 = Release|Any CPU
		{90DEE151-FED4-27EC-4F57-8649C5D0B194}.Debug|Any CPU.ActiveCfg = Debug|Any CPU
		{90DEE151-FED4-27EC-4F57-8649C5D0B194}.Debug|Any CPU.Build.0 = Debug|Any CPU
		{90DEE151-FED4-27EC-4F57-8649C5D0B194}.Release|Any CPU.ActiveCfg = Release|Any CPU
		{90DEE151-FED4-27EC-4F57-8649C5D0B194}.Release|Any CPU.Build.0 = Release|Any CPU
	EndGlobalSection
	GlobalSection(SolutionProperties) = preSolution
		HideSolutionNode = FALSE
	EndGlobalSection
EndGlobal
